
Microsoft Visual Studio Solution File, Format Version 12.00
# Visual Studio Version 16
VisualStudioVersion = 25.0.1704.0
MinimumVisualStudioVersion = 10.0.40219.1
Project("{FAE04EC0-301F-11D3-BF4B-00C04F79EFBC}") = "Dmitriy_Vysotskyy", "Dmitriy_Vysotskyy.csproj", "{34F52DF2-C53E-43AB-A60A-4A8E660BC3EE}"
EndProject
Global
	GlobalSection(SolutionConfigurationPlatforms) = preSolution
		Debug|Any CPU = Debug|Any CPU
		Release|Any CPU = Release|Any CPU
	EndGlobalSection
	GlobalSection(ProjectConfigurationPlatforms) = postSolution
		{34F52DF2-C53E-43AB-A60A-4A8E660BC3EE}.Debug|Any CPU.ActiveCfg = Debug|Any CPU
		{34F52DF2-C53E-43AB-A60A-4A8E660BC3EE}.Debug|Any CPU.Build.0 = Debug|Any CPU
		{34F52DF2-C53E-43AB-A60A-4A8E660BC3EE}.Release|Any CPU.ActiveCfg = Release|Any CPU
		{34F52DF2-C53E-43AB-A60A-4A8E660BC3EE}.Release|Any CPU.Build.0 = Release|Any CPU
	EndGlobalSection
	GlobalSection(SolutionProperties) = preSolution
		HideSolutionNode = FALSE
	EndGlobalSection
	GlobalSection(ExtensibilityGlobals) = postSolution
		SolutionGuid = {E7F18B53-C540-4695-9B7E-D018A5D5E1D7}
	EndGlobalSection
EndGlobal
